<?xml version="1.0" encoding="utf-8"?>
<Project ToolsVersion="4.0" xmlns="http://schemas.microsoft.com/developer/msbuild/2003">
  <ItemGroup>
    <Filter Include="Source Files">
      <UniqueIdentifier>{00effd1a-0428-40d1-9111-f12dcd43a241}</UniqueIdentifier>
      <Extensions>cpp;c;cxx;rc;def;r;odl;idl;hpj;bat</Extensions>
    </Filter>
    <Filter Include="Header Files">
      <UniqueIdentifier>{6d4ab7d7-177d-46ea-a39f-fbd3cff9eae2}</UniqueIdentifier>
      <Extensions>h;hpp;hxx;hm;inl</Extensions>
    </Filter>
    <Filter Include="Resource Files">
      <UniqueIdentifier>{34f60082-44d3-471d-82af-f45121be9a37}</UniqueIdentifier>
      <Extensions>ico;cur;bmp;dlg;rc2;rct;bin;rgs;gif;jpg;jpeg;jpe</Extensions>
    </Filter>
  </ItemGroup>
  <ItemGroup>
    <ClCompile Include="acars.cpp">
      <Filter>Source Files</Filter>
    </ClCompile>
    <ClCompile Include="utils\binary.cpp">
      <Filter>Source Files</Filter>
    </ClCompile>
    <ClCompile Include="utils\Debug.cpp">
      <Filter>Source Files</Filter>
    </ClCompile>
    <ClCompile Include="decode.cpp">
      <Filter>Source Files</Filter>
    </ClCompile>
    <ClCompile Include="ermes.cpp">
      <Filter>Source Files</Filter>
    </ClCompile>
    <ClCompile Include="Flex.cpp">
      <Filter>Source Files</Filter>
    </ClCompile>
    <ClCompile Include="Gfx.cpp">
      <Filter>Source Files</Filter>
    </ClCompile>
    <ClCompile Include="helper_funcs.cpp">
      <Filter>Source Files</Filter>
    </ClCompile>
    <ClCompile Include="Initapp.cpp">
      <Filter>Source Files</Filter>
    </ClCompile>
    <ClCompile Include="language.cpp">
      <Filter>Source Files</Filter>
    </ClCompile>
    <ClCompile Include="menu.cpp">
      <Filter>Source Files</Filter>
    </ClCompile>
    <ClCompile Include="Misc.cpp">
      <Filter>Source Files</Filter>
    </ClCompile>
    <ClCompile Include="mobitex.cpp">
      <Filter>Source Files</Filter>
    </ClCompile>
    <ClCompile Include="utils\Ostype.cpp">
      <Filter>Source Files</Filter>
    </ClCompile>
    <ClCompile Include="PDW.cpp">
      <Filter>Source Files</Filter>
    </ClCompile>
    <ClCompile Include="Pocsag.cpp">
      <Filter>Source Files</Filter>
    </ClCompile>
    <ClCompile Include="printer.cpp">
      <Filter>Source Files</Filter>
    </ClCompile>
    <ClCompile Include="utils\rs232.cpp">
      <Filter>Source Files</Filter>
    </ClCompile>
    <ClCompile Include="sigind.cpp">
      <Filter>Source Files</Filter>
    </ClCompile>
    <ClCompile Include="utils\smtp.cpp">
      <Filter>Source Files</Filter>
    </ClCompile>
    <ClCompile Include="sound_in.cpp">
      <Filter>Source Files</Filter>
    </ClCompile>
    <ClCompile Include="toolbar.cpp">
      <Filter>Source Files</Filter>
    </ClCompile>
  </ItemGroup>
  <ItemGroup>
    <ResourceCompile Include="Rsrc.rc">
      <Filter>Source Files</Filter>
    </ResourceCompile>
  </ItemGroup>
  <ItemGroup>
    <ClInclude Include="Headers\acars.h">
      <Filter>Header Files</Filter>
    </ClInclude>
    <ClInclude Include="utils\binary.h">
      <Filter>Header Files</Filter>
    </ClInclude>
    <ClInclude Include="Headers\decode.h">
      <Filter>Header Files</Filter>
    </ClInclude>
    <ClInclude Include="Headers\ermes.h">
      <Filter>Header Files</Filter>
    </ClInclude>
    <ClInclude Include="Headers\gfx.h">
      <Filter>Header Files</Filter>
    </ClInclude>
    <ClInclude Include="Headers\helper_funcs.h">
      <Filter>Header Files</Filter>
    </ClInclude>
    <ClInclude Include="Headers\initapp.h">
      <Filter>Header Files</Filter>
    </ClInclude>
    <ClInclude Include="Headers\language.h">
      <Filter>Header Files</Filter>
    </ClInclude>
    <ClInclude Include="Headers\menu.h">
      <Filter>Header Files</Filter>
    </ClInclude>
    <ClInclude Include="Headers\misc.h">
      <Filter>Header Files</Filter>
    </ClInclude>
    <ClInclude Include="Headers\mobitex.h">
      <Filter>Header Files</Filter>
    </ClInclude>
    <ClInclude Include="utils\OSTYPE.H">
      <Filter>Header Files</Filter>
    </ClInclude>
    <ClInclude Include="Headers\Pdw.h">
      <Filter>Header Files</Filter>
    </ClInclude>
    <ClInclude Include="Headers\printer.h">
      <Filter>Header Files</Filter>
    </ClInclude>
    <ClInclude Include="Headers\Resource.h">
      <Filter>Header Files</Filter>
    </ClInclude>
    <ClInclude Include="resrc1.h">
      <Filter>Header Files</Filter>
    </ClInclude>
    <ClInclude Include="utils\rs232.h">
      <Filter>Header Files</Filter>
    </ClInclude>
    <ClInclude Include="Headers\sigind.h">
      <Filter>Header Files</Filter>
    </ClInclude>
    <ClInclude Include="Headers\Slicer.h">
      <Filter>Header Files</Filter>
    </ClInclude>
    <ClInclude Include="utils\smtp.h">
      <Filter>Header Files</Filter>
    </ClInclude>
    <ClInclude Include="utils\smtp_int.h">
      <Filter>Header Files</Filter>
    </ClInclude>
    <ClInclude Include="Headers\sound_in.h">
      <Filter>Header Files</Filter>
    </ClInclude>
    <ClInclude Include="Headers\toolbar.h">
      <Filter>Header Files</Filter>
    </ClInclude>
  </ItemGroup>
  <ItemGroup>
    <Image Include="GFX\211.gif">
      <Filter>Resource Files</Filter>
    </Image>
    <Image Include="Gfx\clr.bmp">
      <Filter>Resource Files</Filter>
    </Image>
    <Image Include="Gfx\copy.bmp">
      <Filter>Resource Files</Filter>
    </Image>
    <Image Include="Gfx\cpyLO.bmp">
      <Filter>Resource Files</Filter>
    </Image>
    <Image Include="Gfx\cpyUP.bmp">
      <Filter>Resource Files</Filter>
    </Image>
    <Image Include="GFX\exclamation.bmp">
      <Filter>Resource Files</Filter>
    </Image>
    <Image Include="Gfx\filter.bmp">
      <Filter>Resource Files</Filter>
    </Image>
    <Image Include="Gfx\help.BMP">
      <Filter>Resource Files</Filter>
    </Image>
    <Image Include="Gfx\mode.bmp">
      <Filter>Resource Files</Filter>
    </Image>
    <Image Include="Gfx\open.bmp">
      <Filter>Resource Files</Filter>
    </Image>
    <Image Include="Gfx\options.bmp">
      <Filter>Resource Files</Filter>
    </Image>
    <Image Include="Gfx\pause.bmp">
      <Filter>Resource Files</Filter>
    </Image>
    <Image Include="Gfx\pdw.ico">
      <Filter>Resource Files</Filter>
    </Image>
    <Image Include="Gfx\pdwlogo2.bmp">
      <Filter>Resource Files</Filter>
    </Image>
    <Image Include="Gfx\prt.bmp">
      <Filter>Resource Files</Filter>
    </Image>
    <Image Include="Gfx\save.bmp">
      <Filter>Resource Files</Filter>
    </Image>
    <Image Include="Gfx\sigind.bmp">
      <Filter>Resource Files</Filter>
    </Image>
    <Image Include="Gfx\stats.bmp">
      <Filter>Resource Files</Filter>
    </Image>
  </ItemGroup>
</Project>